// !$*UTF8*$!
{
	archiveVersion = 1;
	classes = {
	};
	objectVersion = 50;
	objects = {

/* Begin PBXBuildFile section */
		3FD035CC24FF3C9A001DC095 /* AppDelegate.swift in Sources */ = {isa = PBXBuildFile; fileRef = 3FD035CB24FF3C9A001DC095 /* AppDelegate.swift */; };
		3FD035CE24FF3C9A001DC095 /* SceneDelegate.swift in Sources */ = {isa = PBXBuildFile; fileRef = 3FD035CD24FF3C9A001DC095 /* SceneDelegate.swift */; };
		3FD035D024FF3C9A001DC095 /* ViewController.swift in Sources */ = {isa = PBXBuildFile; fileRef = 3FD035CF24FF3C9A001DC095 /* ViewController.swift */; };
		3FD035D324FF3C9A001DC095 /* Main.storyboard in Resources */ = {isa = PBXBuildFile; fileRef = 3FD035D124FF3C9A001DC095 /* Main.storyboard */; };
		3FD035D524FF3C9D001DC095 /* Assets.xcassets in Resources */ = {isa = PBXBuildFile; fileRef = 3FD035D424FF3C9D001DC095 /* Assets.xcassets */; };
		3FD035D824FF3C9D001DC095 /* LaunchScreen.storyboard in Resources */ = {isa = PBXBuildFile; fileRef = 3FD035D624FF3C9D001DC095 /* LaunchScreen.storyboard */; };
/* End PBXBuildFile section */

/* Begin PBXFileReference section */
		3FD035C824FF3C9A001DC095 /* you are awesome 2.0.app */ = {isa = PBXFileReference; explicitFileType = wrapper.application; includeInIndex = 0; path = "you are awesome 2.0.app"; sourceTree = BUILT_PRODUCTS_DIR; };
		3FD035CB24FF3C9A001DC095 /* AppDelegate.swift */ = {isa = PBXFileReference; lastKnownFileType = sourcecode.swift; path = AppDelegate.swift; sourceTree = "<group>"; };
		3FD035CD24FF3C9A001DC095 /* SceneDelegate.swift */ = {isa = PBXFileReference; lastKnownFileType = sourcecode.swift; path = SceneDelegate.swift; sourceTree = "<group>"; };
		3FD035CF24FF3C9A001DC095 /* ViewController.swift */ = {isa = PBXFileReference; lastKnownFileType = sourcecode.swift; path = ViewController.swift; sourceTree = "<group>"; };
		3FD035D224FF3C9A001DC095 /* Base */ = {isa = PBXFileReference; lastKnownFileType = file.storyboard; name = Base; path = Base.lproj/Main.storyboard; sourceTree = "<group>"; };
		3FD035D424FF3C9D001DC095 /* Assets.xcassets */ = {isa = PBXFileReference; lastKnownFileType = folder.assetcatalog; path = Assets.xcassets; sourceTree = "<group>"; };
		3FD035D724FF3C9D001DC095 /* Base */ = {isa = PBXFileReference; lastKnownFileType = file.storyboard; name = Base; path = Base.lproj/LaunchScreen.storyboard; sourceTree = "<group>"; };
		3FD035D924FF3C9D001DC095 /* Info.plist */ = {isa = PBXFileReference; lastKnownFileType = text.plist.xml; path = Info.plist; sourceTree = "<group>"; };
/* End PBXFileReference section */

/* Begin PBXFrameworksBuildPhase section */
		3FD035C524FF3C9A001DC095 /* Frameworks */ = {
			isa = PBXFrameworksBuildPhase;
			buildActionMask = 2147483647;
			files = (
			);
			runOnlyForDeploymentPostprocessing = 0;
		};
/* End PBXFrameworksBuildPhase section */

/* Begin PBXGroup section */
		3FD035BF24FF3C9A001DC095 = {
			isa = PBXGroup;
			children = (
				3FD035CA24FF3C9A001DC095 /* you are awesome 2.0 */,
				3FD035C924FF3C9A001DC095 /* Products */,
			);
			sourceTree = "<group>";
		};
		3FD035C924FF3C9A001DC095 /* Products */ = {
			isa = PBXGroup;
			children = (
				3FD035C824FF3C9A001DC095 /* you are awesome 2.0.app */,
			);
			name = Products;
			sourceTree = "<group>";
		};
		3FD035CA24FF3C9A001DC095 /* you are awesome 2.0 */ = {
			isa = PBXGroup;
			children = (
				3FD035CB24FF3C9A001DC095 /* AppDelegate.swift */,
				3FD035CD24FF3C9A001DC095 /* SceneDelegate.swift */,
				3FD035CF24FF3C9A001DC095 /* ViewController.swift */,
				3FD035D124FF3C9A001DC095 /* Main.storyboard */,
				3FD035D424FF3C9D001DC095 /* Assets.xcassets */,
				3FD035D624FF3C9D001DC095 /* LaunchScreen.storyboard */,
				3FD035D924FF3C9D001DC095 /* Info.plist */,
			);
			path = "you are awesome 2.0";
			sourceTree = "<group>";
		};
/* End PBXGroup section */

/* Begin PBXNativeTarget section */
		3FD035C724FF3C9A001DC095 /* you are awesome 2.0 */ = {
			isa = PBXNativeTarget;
			buildConfigurationList = 3FD035DC24FF3C9D001DC095 /* Build configuration list for PBXNativeTarget "you are awesome 2.0" */;
			buildPhases = (
				3FD035C424FF3C9A001DC095 /* Sources */,
				3FD035C524FF3C9A001DC095 /* Frameworks */,
				3FD035C624FF3C9A001DC095 /* Resources */,
			);
			buildRules = (
			);
			dependencies = (
			);
			name = "you are awesome 2.0";
			productName = "you are awesome 2.0";
			productReference = 3FD035C824FF3C9A001DC095 /* you are awesome 2.0.app */;
			productType = "com.apple.product-type.application";
		};
/* End PBXNativeTarget section */

/* Begin PBXProject section */
		3FD035C024FF3C9A001DC095 /* Project object */ = {
			isa = PBXProject;
			attributes = {
				LastSwiftUpdateCheck = 1170;
				LastUpgradeCheck = 1170;
				ORGANIZATIONNAME = "Chris Bertram";
				TargetAttributes = {
					3FD035C724FF3C9A001DC095 = {
						CreatedOnToolsVersion = 11.7;
					};
				};
			};
			buildConfigurationList = 3FD035C324FF3C9A001DC095 /* Build configuration list for PBXProject "you are awesome 2.0" */;
			compatibilityVersion = "Xcode 9.3";
			developmentRegion = en;
			hasScannedForEncodings = 0;
			knownRegions = (
				en,
				Base,
			);
			mainGroup = 3FD035BF24FF3C9A001DC095;
			productRefGroup = 3FD035C924FF3C9A001DC095 /* Products */;
			projectDirPath = "";
			projectRoot = "";
			targets = (
				3FD035C724FF3C9A001DC095 /* you are awesome 2.0 */,
			);
		};
/* End PBXProject section */

/* Begin PBXResourcesBuildPhase section */
		3FD035C624FF3C9A001DC095 /* Resources */ = {
			isa = PBXResourcesBuildPhase;
			buildActionMask = 2147483647;
			files = (
				3FD035D824FF3C9D001DC095 /* LaunchScreen.storyboard in Resources */,
				3FD035D524FF3C9D001DC095 /* Assets.xcassets in Resources */,
				3FD035D324FF3C9A001DC095 /* Main.storyboard in Resources */,
			);
			runOnlyForDeploymentPostprocessing = 0;
		};
/* End PBXResourcesBuildPhase section */

/* Begin PBXSourcesBuildPhase section */
		3FD035C424FF3C9A001DC095 /* Sources */ = {
			isa = PBXSourcesBuildPhase;
			buildActionMask = 2147483647;
			files = (
				3FD035D024FF3C9A001DC095 /* ViewController.swift in Sources */,
				3FD035CC24FF3C9A001DC095 /* AppDelegate.swift in Sources */,
				3FD035CE24FF3C9A001DC095 /* SceneDelegate.swift in Sources */,
			);
			runOnlyForDeploymentPostprocessing = 0;
		};
/* End PBXSourcesBuildPhase section */

/* Begin PBXVariantGroup section */
		3FD035D124FF3C9A001DC095 /* Main.storyboard */ = {
			isa = PBXVariantGroup;
			children = (
				3FD035D224FF3C9A001DC095 /* Base */,
			);
			name = Main.storyboard;
			sourceTree = "<group>";
		};
		3FD035D624FF3C9D001DC095 /* LaunchScreen.storyboard */ = {
			isa = PBXVariantGroup;
			children = (
				3FD035D724FF3C9D001DC095 /* Base */,
			);
			name = LaunchScreen.storyboard;
			sourceTree = "<group>";
		};
/* End PBXVariantGroup section */

/* Begin XCBuildConfiguration section */
		3FD035DA24FF3C9D001DC095 /* Debug */ = {
			isa = XCBuildConfiguration;
			buildSettings = {
				ALWAYS_SEARCH_USER_PATHS = NO;
				CLANG_ANALYZER_NONNULL = YES;
				CLANG_ANALYZER_NUMBER_OBJECT_CONVERSION = YES_AGGRESSIVE;
				CLANG_CXX_LANGUAGE_STANDARD = "gnu++14";
				CLANG_CXX_LIBRARY = "libc++";
				CLANG_ENABLE_MODULES = YES;
				CLANG_ENABLE_OBJC_ARC = YES;
				CLANG_ENABLE_OBJC_WEAK = YES;
				CLANG_WARN_BLOCK_CAPTURE_AUTORELEASING = YES;
				CLANG_WARN_BOOL_CONVERSION = YES;
				CLANG_WARN_COMMA = YES;
				CLANG_WARN_CONSTANT_CONVERSION = YES;
				CLANG_WARN_DEPRECATED_OBJC_IMPLEMENTATIONS = YES;
				CLANG_WARN_DIRECT_OBJC_ISA_USAGE = YES_ERROR;
				CLANG_WARN_DOCUMENTATION_COMMENTS = YES;
				CLANG_WARN_EMPTY_BODY = YES;
				CLANG_WARN_ENUM_CONVERSION = YES;
				CLANG_WARN_INFINITE_RECURSION = YES;
				CLANG_WARN_INT_CONVERSION = YES;
				CLANG_WARN_NON_LITERAL_NULL_CONVERSION = YES;
				CLANG_WARN_OBJC_IMPLICIT_RETAIN_SELF = YES;
				CLANG_WARN_OBJC_LITERAL_CONVERSION = YES;
				CLANG_WARN_OBJC_ROOT_CLASS = YES_ERROR;
				CLANG_WARN_RANGE_LOOP_ANALYSIS = YES;
				CLANG_WARN_STRICT_PROTOTYPES = YES;
				CLANG_WARN_SUSPICIOUS_MOVE = YES;
				CLANG_WARN_UNGUARDED_AVAILABILITY = YES_AGGRESSIVE;
				CLANG_WARN_UNREACHABLE_CODE = YES;
				CLANG_WARN__DUPLICATE_METHOD_MATCH = YES;
				COPY_PHASE_STRIP = NO;
				DEBUG_INFORMATION_FORMAT = dwarf;
				ENABLE_STRICT_OBJC_MSGSEND = YES;
				ENABLE_TESTABILITY = YES;
				GCC_C_LANGUAGE_STANDARD = gnu11;
				GCC_DYNAMIC_NO_PIC = NO;
				GCC_NO_COMMON_BLOCKS = YES;
				GCC_OPTIMIZATION_LEVEL = 0;
				GCC_PREPROCESSOR_DEFINITIONS = (
					"DEBUG=1",
					"$(inherited)",
				);
				GCC_WARN_64_TO_32_BIT_CONVERSION = YES;
				GCC_WARN_ABOUT_RETURN_TYPE = YES_ERROR;
				GCC_WARN_UNDECLARED_SELECTOR = YES;
				GCC_WARN_UNINITIALIZED_AUTOS = YES_AGGRESSIVE;
				GCC_WARN_UNUSED_FUNCTION = YES;
				GCC_WARN_UNUSED_VARIABLE = YES;
				IPHONEOS_DEPLOYMENT_TARGET = 13.7;
				MTL_ENABLE_DEBUG_INFO = INCLUDE_SOURCE;
				MTL_FAST_MATH = YES;
				ONLY_ACTIVE_ARCH = YES;
				SDKROOT = iphoneos;
				SWIFT_ACTIVE_COMPILATION_CONDITIONS = DEBUG;
				SWIFT_OPTIMIZATION_LEVEL = "-Onone";
			};
			name = Debug;
		};
		3FD035DB24FF3C9D001DC095 /* Release */ = {
			isa = XCBuildConfiguration;
			buildSettings = {
				ALWAYS_SEARCH_USER_PATHS = NO;
				CLANG_ANALYZER_NONNULL = YES;
				CLANG_ANALYZER_NUMBER_OBJECT_CONVERSION = YES_AGGRESSIVE;
				CLANG_CXX_LANGUAGE_STANDARD = "gnu++14";
				CLANG_CXX_LIBRARY = "libc++";
				CLANG_ENABLE_MODULES = YES;
				CLANG_ENABLE_OBJC_ARC = YES;
				CLANG_ENABLE_OBJC_WEAK = YES;
				CLANG_WARN_BLOCK_CAPTURE_AUTORELEASING = YES;
				CLANG_WARN_BOOL_CONVERSION = YES;
				CLANG_WARN_COMMA = YES;
				CLANG_WARN_CONSTANT_CONVERSION = YES;
				CLANG_WARN_DEPRECATED_OBJC_IMPLEMENTATIONS = YES;
				CLANG_WARN_DIRECT_OBJC_ISA_USAGE = YES_ERROR;
				CLANG_WARN_DOCUMENTATION_COMMENTS = YES;
				CLANG_WARN_EMPTY_BODY = YES;
				CLANG_WARN_ENUM_CONVERSION = YES;
				CLANG_WARN_INFINITE_RECURSION = YES;
				CLANG_WARN_INT_CONVERSION = YES;
				CLANG_WARN_NON_LITERAL_NULL_CONVERSION = YES;
				CLANG_WARN_OBJC_IMPLICIT_RETAIN_SELF = YES;
				CLANG_WARN_OBJC_LITERAL_CONVERSION = YES;
				CLANG_WARN_OBJC_ROOT_CLASS = YES_ERROR;
				CLANG_WARN_RANGE_LOOP_ANALYSIS = YES;
				CLANG_WARN_STRICT_PROTOTYPES = YES;
				CLANG_WARN_SUSPICIOUS_MOVE = YES;
				CLANG_WARN_UNGUARDED_AVAILABILITY = YES_AGGRESSIVE;
				CLANG_WARN_UNREACHABLE_CODE = YES;
				CLANG_WARN__DUPLICATE_METHOD_MATCH = YES;
				COPY_PHASE_STRIP = NO;
				DEBUG_INFORMATION_FORMAT = "dwarf-with-dsym";
				ENABLE_NS_ASSERTIONS = NO;
				ENABLE_STRICT_OBJC_MSGSEND = YES;
				GCC_C_LANGUAGE_STANDARD = gnu11;
				GCC_NO_COMMON_BLOCKS = YES;
				GCC_WARN_64_TO_32_BIT_CONVERSION = YES;
				GCC_WARN_ABOUT_RETURN_TYPE = YES_ERROR;
				GCC_WARN_UNDECLARED_SELECTOR = YES;
				GCC_WARN_UNINITIALIZED_AUTOS = YES_AGGRESSIVE;
				GCC_WARN_UNUSED_FUNCTION = YES;
				GCC_WARN_UNUSED_VARIABLE = YES;
				IPHONEOS_DEPLOYMENT_TARGET = 13.7;
				MTL_ENABLE_DEBUG_INFO = NO;
				MTL_FAST_MATH = YES;
				SDKROOT = iphoneos;
				SWIFT_COMPILATION_MODE = wholemodule;
				SWIFT_OPTIMIZATION_LEVEL = "-O";
				VALIDATE_PRODUCT = YES;
			};
			name = Release;
		};
		3FD035DD24FF3C9D001DC095 /* Debug */ = {
			isa = XCBuildConfiguration;
			buildSettings = {
				ASSETCATALOG_COMPILER_APPICON_NAME = AppIcon;
				CODE_SIGN_STYLE = Automatic;
				DEVELOPMENT_TEAM = 9F3792KRJK;
				INFOPLIST_FILE = "you are awesome 2.0/Info.plist";
				LD_RUNPATH_SEARCH_PATHS = (
					"$(inherited)",
					"@executable_path/Frameworks",
				);
				PRODUCT_BUNDLE_IDENTIFIER = "com.Bertram.you-are-awesome-2-0";
				PRODUCT_NAME = "$(TARGET_NAME)";
				SWIFT_VERSION = 5.0;
				TARGETED_DEVICE_FAMILY = "1,2";
			};
			name = Debug;
		};
		3FD035DE24FF3C9D001DC095 /* Release */ = {
			isa = XCBuildConfiguration;
			buildSettings = {
				ASSETCATALOG_COMPILER_APPICON_NAME = AppIcon;
				CODE_SIGN_STYLE = Automatic;
				DEVELOPMENT_TEAM = 9F3792KRJK;
				INFOPLIST_FILE = "you are awesome 2.0/Info.plist";
				LD_RUNPATH_SEARCH_PATHS = (
					"$(inherited)",
					"@executable_path/Frameworks",
				);
				PRODUCT_BUNDLE_IDENTIFIER = "com.Bertram.you-are-awesome-2-0";
				PRODUCT_NAME = "$(TARGET_NAME)";
				SWIFT_VERSION = 5.0;
				TARGETED_DEVICE_FAMILY = "1,2";
			};
			name = Release;
		};
/* End XCBuildConfiguration section */

/* Begin XCConfigurationList section */
		3FD035C324FF3C9A001DC095 /* Build configuration list for PBXProject "you are awesome 2.0" */ = {
			isa = XCConfigurationList;
			buildConfigurations = (
				3FD035DA24FF3C9D001DC095 /* Debug */,
				3FD035DB24FF3C9D001DC095 /* Release */,
			);
			defaultConfigurationIsVisible = 0;
			defaultConfigurationName = Release;
		};
		3FD035DC24FF3C9D001DC095 /* Build configuration list for PBXNativeTarget "you are awesome 2.0" */ = {
			isa = XCConfigurationList;
			buildConfigurations = (
				3FD035DD24FF3C9D001DC095 /* Debug */,
				3FD035DE24FF3C9D001DC095 /* Release */,
			);
			defaultConfigurationIsVisible = 0;
			defaultConfigurationName = Release;
		};
/* End XCConfigurationList section */
	};
	rootObject = 3FD035C024FF3C9A001DC095 /* Project object */;
}
